// !$*UTF8*$!
{
	archiveVersion = 1;
	classes = {
	};
	objectVersion = 46;
	objects = {

/* Begin PBXBuildFile section */
		213E7C511578C55900B8F351 /* guiaturista_low.png in Resources */ = {isa = PBXBuildFile; fileRef = 213E7C501578C55900B8F351 /* guiaturista_low.png */; };
		213E7C541578C56100B8F351 /* guiaturista.png in Resources */ = {isa = PBXBuildFile; fileRef = 213E7C531578C56100B8F351 /* guiaturista.png */; };
		21639D071465AFD8005D0583 /* WebViewController.m in Sources */ = {isa = PBXBuildFile; fileRef = 21639D051465AFD8005D0583 /* WebViewController.m */; };
		21639D081465AFD8005D0583 /* WebViewController.xib in Resources */ = {isa = PBXBuildFile; fileRef = 21639D061465AFD8005D0583 /* WebViewController.xib */; };
		21D2A74E1578AF8100ADA47B /* inicio.png in Resources */ = {isa = PBXBuildFile; fileRef = 21D2A74D1578AF8100ADA47B /* inicio.png */; };
		21E02BE9146592E800D9659C /* UIKit.framework in Frameworks */ = {isa = PBXBuildFile; fileRef = 21E02BE8146592E800D9659C /* UIKit.framework */; };
		21E02BEB146592E800D9659C /* Foundation.framework in Frameworks */ = {isa = PBXBuildFile; fileRef = 21E02BEA146592E800D9659C /* Foundation.framework */; };
		21E02BED146592E800D9659C /* CoreGraphics.framework in Frameworks */ = {isa = PBXBuildFile; fileRef = 21E02BEC146592E800D9659C /* CoreGraphics.framework */; };
		21E02BF3146592E900D9659C /* InfoPlist.strings in Resources */ = {isa = PBXBuildFile; fileRef = 21E02BF1146592E900D9659C /* InfoPlist.strings */; };
		21E02BF5146592E900D9659C /* main.m in Sources */ = {isa = PBXBuildFile; fileRef = 21E02BF4146592E900D9659C /* main.m */; };
		21E02BF9146592E900D9659C /* AppDelegate.m in Sources */ = {isa = PBXBuildFile; fileRef = 21E02BF8146592E900D9659C /* AppDelegate.m */; };
		21E02C0E1465937300D9659C /* RootViewController.m in Sources */ = {isa = PBXBuildFile; fileRef = 21E02C0C1465937300D9659C /* RootViewController.m */; };
		21E02C0F1465937300D9659C /* RootViewController.xib in Resources */ = {isa = PBXBuildFile; fileRef = 21E02C0D1465937300D9659C /* RootViewController.xib */; };
		21EAE3A61467087C00AECBA8 /* UnedApp.png in Resources */ = {isa = PBXBuildFile; fileRef = 21EAE3A51467087C00AECBA8 /* UnedApp.png */; };
		21EAE3A91467091900AECBA8 /* UnedAppRetina.png in Resources */ = {isa = PBXBuildFile; fileRef = 21EAE3A81467091900AECBA8 /* UnedAppRetina.png */; };
/* End PBXBuildFile section */

/* Begin PBXFileReference section */
		212B1F52146724CF00804987 /* Guia del Turista.app */ = {isa = PBXFileReference; explicitFileType = wrapper.application; includeInIndex = 0; path = "Guia del Turista.app"; sourceTree = BUILT_PRODUCTS_DIR; };
		213E7C501578C55900B8F351 /* guiaturista_low.png */ = {isa = PBXFileReference; lastKnownFileType = image.png; path = guiaturista_low.png; sourceTree = "<group>"; };
		213E7C531578C56100B8F351 /* guiaturista.png */ = {isa = PBXFileReference; lastKnownFileType = image.png; path = guiaturista.png; sourceTree = "<group>"; };
		21639D041465AFD8005D0583 /* WebViewController.h */ = {isa = PBXFileReference; fileEncoding = 4; lastKnownFileType = sourcecode.c.h; path = WebViewController.h; sourceTree = "<group>"; };
		21639D051465AFD8005D0583 /* WebViewController.m */ = {isa = PBXFileReference; fileEncoding = 4; lastKnownFileType = sourcecode.c.objc; path = WebViewController.m; sourceTree = "<group>"; };
		21639D061465AFD8005D0583 /* WebViewController.xib */ = {isa = PBXFileReference; fileEncoding = 4; lastKnownFileType = file.xib; path = WebViewController.xib; sourceTree = "<group>"; };
		21D2A74D1578AF8100ADA47B /* inicio.png */ = {isa = PBXFileReference; lastKnownFileType = image.png; name = inicio.png; path = Actividad4/inicio.png; sourceTree = "<group>"; };
		21E02BE8146592E800D9659C /* UIKit.framework */ = {isa = PBXFileReference; lastKnownFileType = wrapper.framework; name = UIKit.framework; path = System/Library/Frameworks/UIKit.framework; sourceTree = SDKROOT; };
		21E02BEA146592E800D9659C /* Foundation.framework */ = {isa = PBXFileReference; lastKnownFileType = wrapper.framework; name = Foundation.framework; path = System/Library/Frameworks/Foundation.framework; sourceTree = SDKROOT; };
		21E02BEC146592E800D9659C /* CoreGraphics.framework */ = {isa = PBXFileReference; lastKnownFileType = wrapper.framework; name = CoreGraphics.framework; path = System/Library/Frameworks/CoreGraphics.framework; sourceTree = SDKROOT; };
		21E02BF0146592E800D9659C /* Guia del Turista-Info.plist */ = {isa = PBXFileReference; lastKnownFileType = text.plist.xml; path = "Guia del Turista-Info.plist"; sourceTree = "<group>"; };
		21E02BF2146592E900D9659C /* en */ = {isa = PBXFileReference; lastKnownFileType = text.plist.strings; name = en; path = en.lproj/InfoPlist.strings; sourceTree = "<group>"; };
		21E02BF4146592E900D9659C /* main.m */ = {isa = PBXFileReference; lastKnownFileType = sourcecode.c.objc; path = main.m; sourceTree = "<group>"; };
		21E02BF6146592E900D9659C /* Guia del Turista-Prefix.pch */ = {isa = PBXFileReference; lastKnownFileType = sourcecode.c.h; path = "Guia del Turista-Prefix.pch"; sourceTree = "<group>"; };
		21E02BF7146592E900D9659C /* AppDelegate.h */ = {isa = PBXFileReference; lastKnownFileType = sourcecode.c.h; path = AppDelegate.h; sourceTree = "<group>"; };
		21E02BF8146592E900D9659C /* AppDelegate.m */ = {isa = PBXFileReference; lastKnownFileType = sourcecode.c.objc; path = AppDelegate.m; sourceTree = "<group>"; };
		21E02C0B1465937300D9659C /* RootViewController.h */ = {isa = PBXFileReference; fileEncoding = 4; lastKnownFileType = sourcecode.c.h; path = RootViewController.h; sourceTree = "<group>"; };
		21E02C0C1465937300D9659C /* RootViewController.m */ = {isa = PBXFileReference; fileEncoding = 4; lastKnownFileType = sourcecode.c.objc; path = RootViewController.m; sourceTree = "<group>"; };
		21E02C0D1465937300D9659C /* RootViewController.xib */ = {isa = PBXFileReference; fileEncoding = 4; lastKnownFileType = file.xib; path = RootViewController.xib; sourceTree = "<group>"; };
		21EAE3A51467087C00AECBA8 /* UnedApp.png */ = {isa = PBXFileReference; lastKnownFileType = image.png; path = UnedApp.png; sourceTree = "<group>"; };
		21EAE3A81467091900AECBA8 /* UnedAppRetina.png */ = {isa = PBXFileReference; lastKnownFileType = image.png; path = UnedAppRetina.png; sourceTree = "<group>"; };
/* End PBXFileReference section */

/* Begin PBXFrameworksBuildPhase section */
		21E02BE1146592E800D9659C /* Frameworks */ = {
			isa = PBXFrameworksBuildPhase;
			buildActionMask = 2147483647;
			files = (
				21E02BE9146592E800D9659C /* UIKit.framework in Frameworks */,
				21E02BEB146592E800D9659C /* Foundation.framework in Frameworks */,
				21E02BED146592E800D9659C /* CoreGraphics.framework in Frameworks */,
			);
			runOnlyForDeploymentPostprocessing = 0;
		};
/* End PBXFrameworksBuildPhase section */

/* Begin PBXGroup section */
		21E02BD9146592E800D9659C = {
			isa = PBXGroup;
			children = (
				213E7C531578C56100B8F351 /* guiaturista.png */,
				213E7C501578C55900B8F351 /* guiaturista_low.png */,
				21EAE3A81467091900AECBA8 /* UnedAppRetina.png */,
				21EAE3A51467087C00AECBA8 /* UnedApp.png */,
				21D2A74D1578AF8100ADA47B /* inicio.png */,
				21E02BEE146592E800D9659C /* Actividad4 */,
				21E02BE7146592E800D9659C /* Frameworks */,
				212B1F52146724CF00804987 /* Guia del Turista.app */,
			);
			sourceTree = "<group>";
		};
		21E02BE7146592E800D9659C /* Frameworks */ = {
			isa = PBXGroup;
			children = (
				21E02BE8146592E800D9659C /* UIKit.framework */,
				21E02BEA146592E800D9659C /* Foundation.framework */,
				21E02BEC146592E800D9659C /* CoreGraphics.framework */,
			);
			name = Frameworks;
			sourceTree = "<group>";
		};
		21E02BEE146592E800D9659C /* Actividad4 */ = {
			isa = PBXGroup;
			children = (
				21E02BF7146592E900D9659C /* AppDelegate.h */,
				21E02BF8146592E900D9659C /* AppDelegate.m */,
				21E02C0B1465937300D9659C /* RootViewController.h */,
				21E02C0C1465937300D9659C /* RootViewController.m */,
				21639D041465AFD8005D0583 /* WebViewController.h */,
				21639D051465AFD8005D0583 /* WebViewController.m */,
				21E02BEF146592E800D9659C /* Supporting Files */,
			);
			path = Actividad4;
			sourceTree = "<group>";
		};
		21E02BEF146592E800D9659C /* Supporting Files */ = {
			isa = PBXGroup;
			children = (
				21E02C0D1465937300D9659C /* RootViewController.xib */,
				21639D061465AFD8005D0583 /* WebViewController.xib */,
				21E02BF0146592E800D9659C /* Guia del Turista-Info.plist */,
				21E02BF1146592E900D9659C /* InfoPlist.strings */,
				21E02BF4146592E900D9659C /* main.m */,
				21E02BF6146592E900D9659C /* Guia del Turista-Prefix.pch */,
			);
			name = "Supporting Files";
			sourceTree = "<group>";
		};
/* End PBXGroup section */

/* Begin PBXNativeTarget section */
		21E02BE3146592E800D9659C /* Guia del Turista */ = {
			isa = PBXNativeTarget;
			buildConfigurationList = 21E02C08146592E900D9659C /* Build configuration list for PBXNativeTarget "Guia del Turista" */;
			buildPhases = (
				21E02BE0146592E800D9659C /* Sources */,
				21E02BE1146592E800D9659C /* Frameworks */,
				21E02BE2146592E800D9659C /* Resources */,
			);
			buildRules = (
			);
			dependencies = (
			);
			name = "Guia del Turista";
			productName = Actividad4;
			productReference = 212B1F52146724CF00804987 /* Guia del Turista.app */;
			productType = "com.apple.product-type.application";
		};
/* End PBXNativeTarget section */

/* Begin PBXProject section */
		21E02BDB146592E800D9659C /* Project object */ = {
			isa = PBXProject;
			attributes = {
				LastUpgradeCheck = 0430;
			};
			buildConfigurationList = 21E02BDE146592E800D9659C /* Build configuration list for PBXProject "Guia del Turista" */;
			compatibilityVersion = "Xcode 3.2";
			developmentRegion = English;
			hasScannedForEncodings = 0;
			knownRegions = (
				en,
			);
			mainGroup = 21E02BD9146592E800D9659C;
			productRefGroup = 21E02BD9146592E800D9659C;
			projectDirPath = "";
			projectRoot = "";
			targets = (
				21E02BE3146592E800D9659C /* Guia del Turista */,
			);
		};
/* End PBXProject section */

/* Begin PBXResourcesBuildPhase section */
		21E02BE2146592E800D9659C /* Resources */ = {
			isa = PBXResourcesBuildPhase;
			buildActionMask = 2147483647;
			files = (
				21E02BF3146592E900D9659C /* InfoPlist.strings in Resources */,
				21E02C0F1465937300D9659C /* RootViewController.xib in Resources */,
				21639D081465AFD8005D0583 /* WebViewController.xib in Resources */,
				21EAE3A61467087C00AECBA8 /* UnedApp.png in Resources */,
				21EAE3A91467091900AECBA8 /* UnedAppRetina.png in Resources */,
				21D2A74E1578AF8100ADA47B /* inicio.png in Resources */,
				213E7C511578C55900B8F351 /* guiaturista_low.png in Resources */,
				213E7C541578C56100B8F351 /* guiaturista.png in Resources */,
			);
			runOnlyForDeploymentPostprocessing = 0;
		};
/* End PBXResourcesBuildPhase section */

/* Begin PBXSourcesBuildPhase section */
		21E02BE0146592E800D9659C /* Sources */ = {
			isa = PBXSourcesBuildPhase;
			buildActionMask = 2147483647;
			files = (
				21E02BF5146592E900D9659C /* main.m in Sources */,
				21E02BF9146592E900D9659C /* AppDelegate.m in Sources */,
				21E02C0E1465937300D9659C /* RootViewController.m in Sources */,
				21639D071465AFD8005D0583 /* WebViewController.m in Sources */,
			);
			runOnlyForDeploymentPostprocessing = 0;
		};
/* End PBXSourcesBuildPhase section */

/* Begin PBXVariantGroup section */
		21E02BF1146592E900D9659C /* InfoPlist.strings */ = {
			isa = PBXVariantGroup;
			children = (
				21E02BF2146592E900D9659C /* en */,
			);
			name = InfoPlist.strings;
			sourceTree = "<group>";
		};
/* End PBXVariantGroup section */

/* Begin XCBuildConfiguration section */
		212B1F5614672D4700804987 /* AdHoc */ = {
			isa = XCBuildConfiguration;
			buildSettings = {
				ALWAYS_SEARCH_USER_PATHS = NO;
				ARCHS = "$(ARCHS_STANDARD_32_BIT)";
				"CODE_SIGN_IDENTITY[sdk=iphoneos*]" = "";
				COPY_PHASE_STRIP = YES;
				GCC_C_LANGUAGE_STANDARD = gnu99;
				GCC_VERSION = com.apple.compilers.llvm.clang.1_0;
				GCC_WARN_ABOUT_MISSING_PROTOTYPES = YES;
				GCC_WARN_ABOUT_RETURN_TYPE = YES;
				GCC_WARN_UNUSED_VARIABLE = YES;
				IPHONEOS_DEPLOYMENT_TARGET = 5.0;
				OTHER_CFLAGS = "-DNS_BLOCK_ASSERTIONS=1";
				SDKROOT = iphoneos;
				SKIP_INSTALL = YES;
				VALIDATE_PRODUCT = YES;
			};
			name = AdHoc;
		};
		212B1F5714672D4700804987 /* AdHoc */ = {
			isa = XCBuildConfiguration;
			buildSettings = {
				CODE_SIGN_IDENTITY = "iPhone Developer: Joaquin Serrano Torres (C5B39MWCDB)";
				"CODE_SIGN_IDENTITY[sdk=iphoneos*]" = "iPhone Developer: Joaquin Serrano Torres (C5B39MWCDB)";
				GCC_PRECOMPILE_PREFIX_HEADER = YES;
				GCC_PREFIX_HEADER = "Actividad4/Guia del Turista-Prefix.pch";
				INFOPLIST_FILE = "Actividad4/Guia del Turista-Info.plist";
				IPHONEOS_DEPLOYMENT_TARGET = 5.1;
				PRODUCT_NAME = "Guia del Turista";
				PROVISIONING_PROFILE = "205C02A6-837C-4C55-A27E-08D67ED83976";
				"PROVISIONING_PROFILE[sdk=iphoneos*]" = "205C02A6-837C-4C55-A27E-08D67ED83976";
				SKIP_INSTALL = NO;
				TARGETED_DEVICE_FAMILY = "1,2";
				WRAPPER_EXTENSION = app;
			};
			name = AdHoc;
		};
		21E02C06146592E900D9659C /* Debug */ = {
			isa = XCBuildConfiguration;
			buildSettings = {
				ALWAYS_SEARCH_USER_PATHS = NO;
				ARCHS = "$(ARCHS_STANDARD_32_BIT)";
				"CODE_SIGN_IDENTITY[sdk=iphoneos*]" = "";
				COPY_PHASE_STRIP = NO;
				GCC_C_LANGUAGE_STANDARD = gnu99;
				GCC_DYNAMIC_NO_PIC = NO;
				GCC_OPTIMIZATION_LEVEL = 0;
				GCC_PREPROCESSOR_DEFINITIONS = (
					"DEBUG=1",
					"$(inherited)",
				);
				GCC_SYMBOLS_PRIVATE_EXTERN = NO;
				GCC_VERSION = com.apple.compilers.llvm.clang.1_0;
				GCC_WARN_ABOUT_MISSING_PROTOTYPES = YES;
				GCC_WARN_ABOUT_RETURN_TYPE = YES;
				GCC_WARN_UNUSED_VARIABLE = YES;
				IPHONEOS_DEPLOYMENT_TARGET = 5.0;
				SDKROOT = iphoneos;
			};
			name = Debug;
		};
		21E02C07146592E900D9659C /* Release */ = {
			isa = XCBuildConfiguration;
			buildSettings = {
				ALWAYS_SEARCH_USER_PATHS = NO;
				ARCHS = "$(ARCHS_STANDARD_32_BIT)";
				"CODE_SIGN_IDENTITY[sdk=iphoneos*]" = "";
				COPY_PHASE_STRIP = YES;
				GCC_C_LANGUAGE_STANDARD = gnu99;
				GCC_VERSION = com.apple.compilers.llvm.clang.1_0;
				GCC_WARN_ABOUT_MISSING_PROTOTYPES = YES;
				GCC_WARN_ABOUT_RETURN_TYPE = YES;
				GCC_WARN_UNUSED_VARIABLE = YES;
				IPHONEOS_DEPLOYMENT_TARGET = 5.0;
				OTHER_CFLAGS = "-DNS_BLOCK_ASSERTIONS=1";
				SDKROOT = iphoneos;
				SKIP_INSTALL = YES;
				VALIDATE_PRODUCT = YES;
			};
			name = Release;
		};
		21E02C09146592E900D9659C /* Debug */ = {
			isa = XCBuildConfiguration;
			buildSettings = {
				CODE_SIGN_IDENTITY = "";
				"CODE_SIGN_IDENTITY[sdk=iphoneos*]" = "iPhone Developer: Joaquin Serrano Torres (C5B39MWCDB)";
				GCC_PRECOMPILE_PREFIX_HEADER = YES;
				GCC_PREFIX_HEADER = "Actividad4/Guia del Turista-Prefix.pch";
				INFOPLIST_FILE = "Actividad4/Guia del Turista-Info.plist";
				IPHONEOS_DEPLOYMENT_TARGET = 5.1;
				PRODUCT_NAME = "Guia del Turista";
				"PROVISIONING_PROFILE[sdk=iphoneos*]" = "205C02A6-837C-4C55-A27E-08D67ED83976";
				SKIP_INSTALL = NO;
				TARGETED_DEVICE_FAMILY = "1,2";
				WRAPPER_EXTENSION = app;
			};
			name = Debug;
		};
		21E02C0A146592E900D9659C /* Release */ = {
			isa = XCBuildConfiguration;
			buildSettings = {
				CODE_SIGN_IDENTITY = "";
				"CODE_SIGN_IDENTITY[sdk=iphoneos*]" = "iPhone Developer: Joaquin Serrano Torres (C5B39MWCDB)";
				GCC_PRECOMPILE_PREFIX_HEADER = YES;
				GCC_PREFIX_HEADER = "Actividad4/Guia del Turista-Prefix.pch";
				INFOPLIST_FILE = "Actividad4/Guia del Turista-Info.plist";
				IPHONEOS_DEPLOYMENT_TARGET = 5.1;
				PRODUCT_NAME = "Guia del Turista";
				"PROVISIONING_PROFILE[sdk=iphoneos*]" = "205C02A6-837C-4C55-A27E-08D67ED83976";
				SKIP_INSTALL = YES;
				TARGETED_DEVICE_FAMILY = "1,2";
				WRAPPER_EXTENSION = app;
			};
			name = Release;
		};
/* End XCBuildConfiguration section */

/* Begin XCConfigurationList section */
		21E02BDE146592E800D9659C /* Build configuration list for PBXProject "Guia del Turista" */ = {
			isa = XCConfigurationList;
			buildConfigurations = (
				21E02C06146592E900D9659C /* Debug */,
				21E02C07146592E900D9659C /* Release */,
				212B1F5614672D4700804987 /* AdHoc */,
			);
			defaultConfigurationIsVisible = 0;
			defaultConfigurationName = Release;
		};
		21E02C08146592E900D9659C /* Build configuration list for PBXNativeTarget "Guia del Turista" */ = {
			isa = XCConfigurationList;
			buildConfigurations = (
				21E02C09146592E900D9659C /* Debug */,
				21E02C0A146592E900D9659C /* Release */,
				212B1F5714672D4700804987 /* AdHoc */,
			);
			defaultConfigurationIsVisible = 0;
			defaultConfigurationName = Release;
		};
/* End XCConfigurationList section */
	};
	rootObject = 21E02BDB146592E800D9659C /* Project object */;
}
